// !$*UTF8*$!
{
	archiveVersion = 1;
	classes = {
	};
	objectVersion = 56;
	objects = {

/* Begin PBXBuildFile section */
		CE81E5AE2A739B5200E9B271 /* DKCameraButtonView.docc in Sources */ = {isa = PBXBuildFile; fileRef = CE81E5AD2A739B5200E9B271 /* DKCameraButtonView.docc */; };
		CE81E5B42A739B5200E9B271 /* DKCameraButtonView.framework in Frameworks */ = {isa = PBXBuildFile; fileRef = CE81E5A92A739B5200E9B271 /* DKCameraButtonView.framework */; };
		CE81E5B92A739B5200E9B271 /* DKCameraButtonViewTests.swift in Sources */ = {isa = PBXBuildFile; fileRef = CE81E5B82A739B5200E9B271 /* DKCameraButtonViewTests.swift */; };
		CE81E5BA2A739B5200E9B271 /* DKCameraButtonView.h in Headers */ = {isa = PBXBuildFile; fileRef = CE81E5AC2A739B5200E9B271 /* DKCameraButtonView.h */; settings = {ATTRIBUTES = (Public, ); }; };
		CE81E5CC2A739F8D00E9B271 /* AppDelegate.swift in Sources */ = {isa = PBXBuildFile; fileRef = CE81E5CB2A739F8D00E9B271 /* AppDelegate.swift */; };
		CE81E5CE2A739F8D00E9B271 /* SceneDelegate.swift in Sources */ = {isa = PBXBuildFile; fileRef = CE81E5CD2A739F8D00E9B271 /* SceneDelegate.swift */; };
		CE81E5D02A739F8D00E9B271 /* ViewController.swift in Sources */ = {isa = PBXBuildFile; fileRef = CE81E5CF2A739F8D00E9B271 /* ViewController.swift */; };
		CE81E5D32A739F8D00E9B271 /* Main.storyboard in Resources */ = {isa = PBXBuildFile; fileRef = CE81E5D12A739F8D00E9B271 /* Main.storyboard */; };
		CE81E5D52A739F8E00E9B271 /* Assets.xcassets in Resources */ = {isa = PBXBuildFile; fileRef = CE81E5D42A739F8E00E9B271 /* Assets.xcassets */; };
		CE81E5D82A739F8E00E9B271 /* LaunchScreen.storyboard in Resources */ = {isa = PBXBuildFile; fileRef = CE81E5D62A739F8E00E9B271 /* LaunchScreen.storyboard */; };
/* End PBXBuildFile section */

/* Begin PBXContainerItemProxy section */
		CE81E5B52A739B5200E9B271 /* PBXContainerItemProxy */ = {
			isa = PBXContainerItemProxy;
			containerPortal = CE81E5A02A739B5200E9B271 /* Project object */;
			proxyType = 1;
			remoteGlobalIDString = CE81E5A82A739B5200E9B271;
			remoteInfo = DKCameraButtonView;
		};
/* End PBXContainerItemProxy section */

/* Begin PBXFileReference section */
		CE81E5A92A739B5200E9B271 /* DKCameraButtonView.framework */ = {isa = PBXFileReference; explicitFileType = wrapper.framework; includeInIndex = 0; path = DKCameraButtonView.framework; sourceTree = BUILT_PRODUCTS_DIR; };
		CE81E5AC2A739B5200E9B271 /* DKCameraButtonView.h */ = {isa = PBXFileReference; lastKnownFileType = sourcecode.c.h; path = DKCameraButtonView.h; sourceTree = "<group>"; };
		CE81E5AD2A739B5200E9B271 /* DKCameraButtonView.docc */ = {isa = PBXFileReference; lastKnownFileType = folder.documentationcatalog; path = DKCameraButtonView.docc; sourceTree = "<group>"; };
		CE81E5B32A739B5200E9B271 /* DKCameraButtonViewTests.xctest */ = {isa = PBXFileReference; explicitFileType = wrapper.cfbundle; includeInIndex = 0; path = DKCameraButtonViewTests.xctest; sourceTree = BUILT_PRODUCTS_DIR; };
		CE81E5B82A739B5200E9B271 /* DKCameraButtonViewTests.swift */ = {isa = PBXFileReference; lastKnownFileType = sourcecode.swift; path = DKCameraButtonViewTests.swift; sourceTree = "<group>"; };
		CE81E5C92A739F8D00E9B271 /* DKCameraButtonViewExamples.app */ = {isa = PBXFileReference; explicitFileType = wrapper.application; includeInIndex = 0; path = DKCameraButtonViewExamples.app; sourceTree = BUILT_PRODUCTS_DIR; };
		CE81E5CB2A739F8D00E9B271 /* AppDelegate.swift */ = {isa = PBXFileReference; lastKnownFileType = sourcecode.swift; path = AppDelegate.swift; sourceTree = "<group>"; };
		CE81E5CD2A739F8D00E9B271 /* SceneDelegate.swift */ = {isa = PBXFileReference; lastKnownFileType = sourcecode.swift; path = SceneDelegate.swift; sourceTree = "<group>"; };
		CE81E5CF2A739F8D00E9B271 /* ViewController.swift */ = {isa = PBXFileReference; lastKnownFileType = sourcecode.swift; path = ViewController.swift; sourceTree = "<group>"; };
		CE81E5D22A739F8D00E9B271 /* Base */ = {isa = PBXFileReference; lastKnownFileType = file.storyboard; name = Base; path = Base.lproj/Main.storyboard; sourceTree = "<group>"; };
		CE81E5D42A739F8E00E9B271 /* Assets.xcassets */ = {isa = PBXFileReference; lastKnownFileType = folder.assetcatalog; path = Assets.xcassets; sourceTree = "<group>"; };
		CE81E5D72A739F8E00E9B271 /* Base */ = {isa = PBXFileReference; lastKnownFileType = file.storyboard; name = Base; path = Base.lproj/LaunchScreen.storyboard; sourceTree = "<group>"; };
		CE81E5D92A739F8E00E9B271 /* Info.plist */ = {isa = PBXFileReference; lastKnownFileType = text.plist.xml; path = Info.plist; sourceTree = "<group>"; };
/* End PBXFileReference section */

/* Begin PBXFrameworksBuildPhase section */
		CE81E5A62A739B5200E9B271 /* Frameworks */ = {
			isa = PBXFrameworksBuildPhase;
			buildActionMask = 2147483647;
			files = (
			);
			runOnlyForDeploymentPostprocessing = 0;
		};
		CE81E5B02A739B5200E9B271 /* Frameworks */ = {
			isa = PBXFrameworksBuildPhase;
			buildActionMask = 2147483647;
			files = (
				CE81E5B42A739B5200E9B271 /* DKCameraButtonView.framework in Frameworks */,
			);
			runOnlyForDeploymentPostprocessing = 0;
		};
		CE81E5C62A739F8D00E9B271 /* Frameworks */ = {
			isa = PBXFrameworksBuildPhase;
			buildActionMask = 2147483647;
			files = (
			);
			runOnlyForDeploymentPostprocessing = 0;
		};
/* End PBXFrameworksBuildPhase section */

/* Begin PBXGroup section */
		CE81E59F2A739B5200E9B271 = {
			isa = PBXGroup;
			children = (
				CE81E5AB2A739B5200E9B271 /* DKCameraButtonView */,
				CE81E5B72A739B5200E9B271 /* DKCameraButtonViewTests */,
				CE81E5CA2A739F8D00E9B271 /* DKCameraButtonViewExamples */,
				CE81E5AA2A739B5200E9B271 /* Products */,
			);
			sourceTree = "<group>";
		};
		CE81E5AA2A739B5200E9B271 /* Products */ = {
			isa = PBXGroup;
			children = (
				CE81E5A92A739B5200E9B271 /* DKCameraButtonView.framework */,
				CE81E5B32A739B5200E9B271 /* DKCameraButtonViewTests.xctest */,
				CE81E5C92A739F8D00E9B271 /* DKCameraButtonViewExamples.app */,
			);
			name = Products;
			sourceTree = "<group>";
		};
		CE81E5AB2A739B5200E9B271 /* DKCameraButtonView */ = {
			isa = PBXGroup;
			children = (
				CE81E5AD2A739B5200E9B271 /* DKCameraButtonView.docc */,
				CE81E5AC2A739B5200E9B271 /* DKCameraButtonView.h */,
			);
			path = DKCameraButtonView;
			sourceTree = "<group>";
		};
		CE81E5B72A739B5200E9B271 /* DKCameraButtonViewTests */ = {
			isa = PBXGroup;
			children = (
				CE81E5B82A739B5200E9B271 /* DKCameraButtonViewTests.swift */,
			);
			path = DKCameraButtonViewTests;
			sourceTree = "<group>";
		};
		CE81E5CA2A739F8D00E9B271 /* DKCameraButtonViewExamples */ = {
			isa = PBXGroup;
			children = (
				CE81E5CB2A739F8D00E9B271 /* AppDelegate.swift */,
				CE81E5CD2A739F8D00E9B271 /* SceneDelegate.swift */,
				CE81E5CF2A739F8D00E9B271 /* ViewController.swift */,
				CE81E5D12A739F8D00E9B271 /* Main.storyboard */,
				CE81E5D42A739F8E00E9B271 /* Assets.xcassets */,
				CE81E5D62A739F8E00E9B271 /* LaunchScreen.storyboard */,
				CE81E5D92A739F8E00E9B271 /* Info.plist */,
			);
			path = DKCameraButtonViewExamples;
			sourceTree = "<group>";
		};
/* End PBXGroup section */

/* Begin PBXHeadersBuildPhase section */
		CE81E5A42A739B5200E9B271 /* Headers */ = {
			isa = PBXHeadersBuildPhase;
			buildActionMask = 2147483647;
			files = (
				CE81E5BA2A739B5200E9B271 /* DKCameraButtonView.h in Headers */,
			);
			runOnlyForDeploymentPostprocessing = 0;
		};
/* End PBXHeadersBuildPhase section */

/* Begin PBXNativeTarget section */
		CE81E5A82A739B5200E9B271 /* DKCameraButtonView */ = {
			isa = PBXNativeTarget;
			buildConfigurationList = CE81E5BD2A739B5200E9B271 /* Build configuration list for PBXNativeTarget "DKCameraButtonView" */;
			buildPhases = (
				CE81E5A42A739B5200E9B271 /* Headers */,
				CE81E5A52A739B5200E9B271 /* Sources */,
				CE81E5A62A739B5200E9B271 /* Frameworks */,
				CE81E5A72A739B5200E9B271 /* Resources */,
			);
			buildRules = (
			);
			dependencies = (
			);
			name = DKCameraButtonView;
			productName = DKCameraButtonView;
			productReference = CE81E5A92A739B5200E9B271 /* DKCameraButtonView.framework */;
			productType = "com.apple.product-type.framework";
		};
		CE81E5B22A739B5200E9B271 /* DKCameraButtonViewTests */ = {
			isa = PBXNativeTarget;
			buildConfigurationList = CE81E5C02A739B5200E9B271 /* Build configuration list for PBXNativeTarget "DKCameraButtonViewTests" */;
			buildPhases = (
				CE81E5AF2A739B5200E9B271 /* Sources */,
				CE81E5B02A739B5200E9B271 /* Frameworks */,
				CE81E5B12A739B5200E9B271 /* Resources */,
			);
			buildRules = (
			);
			dependencies = (
				CE81E5B62A739B5200E9B271 /* PBXTargetDependency */,
			);
			name = DKCameraButtonViewTests;
			productName = DKCameraButtonViewTests;
			productReference = CE81E5B32A739B5200E9B271 /* DKCameraButtonViewTests.xctest */;
			productType = "com.apple.product-type.bundle.unit-test";
		};
		CE81E5C82A739F8D00E9B271 /* DKCameraButtonViewExamples */ = {
			isa = PBXNativeTarget;
			buildConfigurationList = CE81E5DA2A739F8E00E9B271 /* Build configuration list for PBXNativeTarget "DKCameraButtonViewExamples" */;
			buildPhases = (
				CE81E5C52A739F8D00E9B271 /* Sources */,
				CE81E5C62A739F8D00E9B271 /* Frameworks */,
				CE81E5C72A739F8D00E9B271 /* Resources */,
			);
			buildRules = (
			);
			dependencies = (
			);
			name = DKCameraButtonViewExamples;
			productName = DKCameraButtonViewExamples;
			productReference = CE81E5C92A739F8D00E9B271 /* DKCameraButtonViewExamples.app */;
			productType = "com.apple.product-type.application";
		};
/* End PBXNativeTarget section */

/* Begin PBXProject section */
		CE81E5A02A739B5200E9B271 /* Project object */ = {
			isa = PBXProject;
			attributes = {
				BuildIndependentTargetsInParallel = 1;
				LastSwiftUpdateCheck = 1430;
				LastUpgradeCheck = 1430;
				ORGANIZATIONNAME = DAKiet;
				TargetAttributes = {
					CE81E5A82A739B5200E9B271 = {
						CreatedOnToolsVersion = 14.3.1;
					};
					CE81E5B22A739B5200E9B271 = {
						CreatedOnToolsVersion = 14.3.1;
					};
					CE81E5C82A739F8D00E9B271 = {
						CreatedOnToolsVersion = 14.3.1;
					};
				};
			};
			buildConfigurationList = CE81E5A32A739B5200E9B271 /* Build configuration list for PBXProject "DKCameraButtonView" */;
			compatibilityVersion = "Xcode 14.0";
			developmentRegion = en;
			hasScannedForEncodings = 0;
			knownRegions = (
				en,
				Base,
			);
			mainGroup = CE81E59F2A739B5200E9B271;
			productRefGroup = CE81E5AA2A739B5200E9B271 /* Products */;
			projectDirPath = "";
			projectRoot = "";
			targets = (
				CE81E5A82A739B5200E9B271 /* DKCameraButtonView */,
				CE81E5B22A739B5200E9B271 /* DKCameraButtonViewTests */,
				CE81E5C82A739F8D00E9B271 /* DKCameraButtonViewExamples */,
			);
		};
/* End PBXProject section */

/* Begin PBXResourcesBuildPhase section */
		CE81E5A72A739B5200E9B271 /* Resources */ = {
			isa = PBXResourcesBuildPhase;
			buildActionMask = 2147483647;
			files = (
			);
			runOnlyForDeploymentPostprocessing = 0;
		};
		CE81E5B12A739B5200E9B271 /* Resources */ = {
			isa = PBXResourcesBuildPhase;
			buildActionMask = 2147483647;
			files = (
			);
			runOnlyForDeploymentPostprocessing = 0;
		};
		CE81E5C72A739F8D00E9B271 /* Resources */ = {
			isa = PBXResourcesBuildPhase;
			buildActionMask = 2147483647;
			files = (
				CE81E5D82A739F8E00E9B271 /* LaunchScreen.storyboard in Resources */,
				CE81E5D52A739F8E00E9B271 /* Assets.xcassets in Resources */,
				CE81E5D32A739F8D00E9B271 /* Main.storyboard in Resources */,
			);
			runOnlyForDeploymentPostprocessing = 0;
		};
/* End PBXResourcesBuildPhase section */

/* Begin PBXSourcesBuildPhase section */
		CE81E5A52A739B5200E9B271 /* Sources */ = {
			isa = PBXSourcesBuildPhase;
			buildActionMask = 2147483647;
			files = (
				CE81E5AE2A739B5200E9B271 /* DKCameraButtonView.docc in Sources */,
			);
			runOnlyForDeploymentPostprocessing = 0;
		};
		CE81E5AF2A739B5200E9B271 /* Sources */ = {
			isa = PBXSourcesBuildPhase;
			buildActionMask = 2147483647;
			files = (
				CE81E5B92A739B5200E9B271 /* DKCameraButtonViewTests.swift in Sources */,
			);
			runOnlyForDeploymentPostprocessing = 0;
		};
		CE81E5C52A739F8D00E9B271 /* Sources */ = {
			isa = PBXSourcesBuildPhase;
			buildActionMask = 2147483647;
			files = (
				CE81E5D02A739F8D00E9B271 /* ViewController.swift in Sources */,
				CE81E5CC2A739F8D00E9B271 /* AppDelegate.swift in Sources */,
				CE81E5CE2A739F8D00E9B271 /* SceneDelegate.swift in Sources */,
			);
			runOnlyForDeploymentPostprocessing = 0;
		};
/* End PBXSourcesBuildPhase section */

/* Begin PBXTargetDependency section */
		CE81E5B62A739B5200E9B271 /* PBXTargetDependency */ = {
			isa = PBXTargetDependency;
			target = CE81E5A82A739B5200E9B271 /* DKCameraButtonView */;
			targetProxy = CE81E5B52A739B5200E9B271 /* PBXContainerItemProxy */;
		};
/* End PBXTargetDependency section */

/* Begin PBXVariantGroup section */
		CE81E5D12A739F8D00E9B271 /* Main.storyboard */ = {
			isa = PBXVariantGroup;
			children = (
				CE81E5D22A739F8D00E9B271 /* Base */,
			);
			name = Main.storyboard;
			sourceTree = "<group>";
		};
		CE81E5D62A739F8E00E9B271 /* LaunchScreen.storyboard */ = {
			isa = PBXVariantGroup;
			children = (
				CE81E5D72A739F8E00E9B271 /* Base */,
			);
			name = LaunchScreen.storyboard;
			sourceTree = "<group>";
		};
/* End PBXVariantGroup section */

/* Begin XCBuildConfiguration section */
		CE81E5BB2A739B5200E9B271 /* Debug */ = {
			isa = XCBuildConfiguration;
			buildSettings = {
				ALWAYS_SEARCH_USER_PATHS = NO;
				CLANG_ANALYZER_NONNULL = YES;
				CLANG_ANALYZER_NUMBER_OBJECT_CONVERSION = YES_AGGRESSIVE;
				CLANG_CXX_LANGUAGE_STANDARD = "gnu++20";
				CLANG_ENABLE_MODULES = YES;
				CLANG_ENABLE_OBJC_ARC = YES;
				CLANG_ENABLE_OBJC_WEAK = YES;
				CLANG_WARN_BLOCK_CAPTURE_AUTORELEASING = YES;
				CLANG_WARN_BOOL_CONVERSION = YES;
				CLANG_WARN_COMMA = YES;
				CLANG_WARN_CONSTANT_CONVERSION = YES;
				CLANG_WARN_DEPRECATED_OBJC_IMPLEMENTATIONS = YES;
				CLANG_WARN_DIRECT_OBJC_ISA_USAGE = YES_ERROR;
				CLANG_WARN_DOCUMENTATION_COMMENTS = YES;
				CLANG_WARN_EMPTY_BODY = YES;
				CLANG_WARN_ENUM_CONVERSION = YES;
				CLANG_WARN_INFINITE_RECURSION = YES;
				CLANG_WARN_INT_CONVERSION = YES;
				CLANG_WARN_NON_LITERAL_NULL_CONVERSION = YES;
				CLANG_WARN_OBJC_IMPLICIT_RETAIN_SELF = YES;
				CLANG_WARN_OBJC_LITERAL_CONVERSION = YES;
				CLANG_WARN_OBJC_ROOT_CLASS = YES_ERROR;
				CLANG_WARN_QUOTED_INCLUDE_IN_FRAMEWORK_HEADER = YES;
				CLANG_WARN_RANGE_LOOP_ANALYSIS = YES;
				CLANG_WARN_STRICT_PROTOTYPES = YES;
				CLANG_WARN_SUSPICIOUS_MOVE = YES;
				CLANG_WARN_UNGUARDED_AVAILABILITY = YES_AGGRESSIVE;
				CLANG_WARN_UNREACHABLE_CODE = YES;
				CLANG_WARN__DUPLICATE_METHOD_MATCH = YES;
				COPY_PHASE_STRIP = NO;
				CURRENT_PROJECT_VERSION = 1;
				DEBUG_INFORMATION_FORMAT = dwarf;
				ENABLE_STRICT_OBJC_MSGSEND = YES;
				ENABLE_TESTABILITY = YES;
				GCC_C_LANGUAGE_STANDARD = gnu11;
				GCC_DYNAMIC_NO_PIC = NO;
				GCC_NO_COMMON_BLOCKS = YES;
				GCC_OPTIMIZATION_LEVEL = 0;
				GCC_PREPROCESSOR_DEFINITIONS = (
					"DEBUG=1",
					"$(inherited)",
				);
				GCC_WARN_64_TO_32_BIT_CONVERSION = YES;
				GCC_WARN_ABOUT_RETURN_TYPE = YES_ERROR;
				GCC_WARN_UNDECLARED_SELECTOR = YES;
				GCC_WARN_UNINITIALIZED_AUTOS = YES_AGGRESSIVE;
				GCC_WARN_UNUSED_FUNCTION = YES;
				GCC_WARN_UNUSED_VARIABLE = YES;
				IPHONEOS_DEPLOYMENT_TARGET = 14.0;
				MTL_ENABLE_DEBUG_INFO = INCLUDE_SOURCE;
				MTL_FAST_MATH = YES;
				ONLY_ACTIVE_ARCH = YES;
				SDKROOT = iphoneos;
				SWIFT_ACTIVE_COMPILATION_CONDITIONS = DEBUG;
				SWIFT_OPTIMIZATION_LEVEL = "-Onone";
				VERSIONING_SYSTEM = "apple-generic";
				VERSION_INFO_PREFIX = "";
			};
			name = Debug;
		};
		CE81E5BC2A739B5200E9B271 /* Release */ = {
			isa = XCBuildConfiguration;
			buildSettings = {
				ALWAYS_SEARCH_USER_PATHS = NO;
				CLANG_ANALYZER_NONNULL = YES;
				CLANG_ANALYZER_NUMBER_OBJECT_CONVERSION = YES_AGGRESSIVE;
				CLANG_CXX_LANGUAGE_STANDARD = "gnu++20";
				CLANG_ENABLE_MODULES = YES;
				CLANG_ENABLE_OBJC_ARC = YES;
				CLANG_ENABLE_OBJC_WEAK = YES;
				CLANG_WARN_BLOCK_CAPTURE_AUTORELEASING = YES;
				CLANG_WARN_BOOL_CONVERSION = YES;
				CLANG_WARN_COMMA = YES;
				CLANG_WARN_CONSTANT_CONVERSION = YES;
				CLANG_WARN_DEPRECATED_OBJC_IMPLEMENTATIONS = YES;
				CLANG_WARN_DIRECT_OBJC_ISA_USAGE = YES_ERROR;
				CLANG_WARN_DOCUMENTATION_COMMENTS = YES;
				CLANG_WARN_EMPTY_BODY = YES;
				CLANG_WARN_ENUM_CONVERSION = YES;
				CLANG_WARN_INFINITE_RECURSION = YES;
				CLANG_WARN_INT_CONVERSION = YES;
				CLANG_WARN_NON_LITERAL_NULL_CONVERSION = YES;
				CLANG_WARN_OBJC_IMPLICIT_RETAIN_SELF = YES;
				CLANG_WARN_OBJC_LITERAL_CONVERSION = YES;
				CLANG_WARN_OBJC_ROOT_CLASS = YES_ERROR;
				CLANG_WARN_QUOTED_INCLUDE_IN_FRAMEWORK_HEADER = YES;
				CLANG_WARN_RANGE_LOOP_ANALYSIS = YES;
				CLANG_WARN_STRICT_PROTOTYPES = YES;
				CLANG_WARN_SUSPICIOUS_MOVE = YES;
				CLANG_WARN_UNGUARDED_AVAILABILITY = YES_AGGRESSIVE;
				CLANG_WARN_UNREACHABLE_CODE = YES;
				CLANG_WARN__DUPLICATE_METHOD_MATCH = YES;
				COPY_PHASE_STRIP = NO;
				CURRENT_PROJECT_VERSION = 1;
				DEBUG_INFORMATION_FORMAT = "dwarf-with-dsym";
				ENABLE_NS_ASSERTIONS = NO;
				ENABLE_STRICT_OBJC_MSGSEND = YES;
				GCC_C_LANGUAGE_STANDARD = gnu11;
				GCC_NO_COMMON_BLOCKS = YES;
				GCC_WARN_64_TO_32_BIT_CONVERSION = YES;
				GCC_WARN_ABOUT_RETURN_TYPE = YES_ERROR;
				GCC_WARN_UNDECLARED_SELECTOR = YES;
				GCC_WARN_UNINITIALIZED_AUTOS = YES_AGGRESSIVE;
				GCC_WARN_UNUSED_FUNCTION = YES;
				GCC_WARN_UNUSED_VARIABLE = YES;
				IPHONEOS_DEPLOYMENT_TARGET = 14.0;
				MTL_ENABLE_DEBUG_INFO = NO;
				MTL_FAST_MATH = YES;
				SDKROOT = iphoneos;
				SWIFT_COMPILATION_MODE = wholemodule;
				SWIFT_OPTIMIZATION_LEVEL = "-O";
				VALIDATE_PRODUCT = YES;
				VERSIONING_SYSTEM = "apple-generic";
				VERSION_INFO_PREFIX = "";
			};
			name = Release;
		};
		CE81E5BE2A739B5200E9B271 /* Debug */ = {
			isa = XCBuildConfiguration;
			buildSettings = {
				CODE_SIGN_STYLE = Automatic;
				CURRENT_PROJECT_VERSION = 1;
				DEFINES_MODULE = YES;
				DEVELOPMENT_TEAM = NTP6J6Q8BJ;
				DYLIB_COMPATIBILITY_VERSION = 1;
				DYLIB_CURRENT_VERSION = 1;
				DYLIB_INSTALL_NAME_BASE = "@rpath";
				ENABLE_MODULE_VERIFIER = YES;
				GENERATE_INFOPLIST_FILE = YES;
				INFOPLIST_KEY_NSHumanReadableCopyright = "";
				INSTALL_PATH = "$(LOCAL_LIBRARY_DIR)/Frameworks";
				IPHONEOS_DEPLOYMENT_TARGET = 14.0;
				LD_RUNPATH_SEARCH_PATHS = (
					"$(inherited)",
					"@executable_path/Frameworks",
					"@loader_path/Frameworks",
				);
				MARKETING_VERSION = 1.0;
				MODULE_VERIFIER_SUPPORTED_LANGUAGES = "objective-c objective-c++";
				MODULE_VERIFIER_SUPPORTED_LANGUAGE_STANDARDS = "gnu11 gnu++20";
				PRODUCT_BUNDLE_IDENTIFIER = com.dakiet.DKCameraButtonView;
				PRODUCT_NAME = "$(TARGET_NAME:c99extidentifier)";
				SKIP_INSTALL = YES;
				SWIFT_EMIT_LOC_STRINGS = YES;
				SWIFT_VERSION = 5.0;
				TARGETED_DEVICE_FAMILY = "1,2";
			};
			name = Debug;
		};
		CE81E5BF2A739B5200E9B271 /* Release */ = {
			isa = XCBuildConfiguration;
			buildSettings = {
				CODE_SIGN_STYLE = Automatic;
				CURRENT_PROJECT_VERSION = 1;
				DEFINES_MODULE = YES;
				DEVELOPMENT_TEAM = NTP6J6Q8BJ;
				DYLIB_COMPATIBILITY_VERSION = 1;
				DYLIB_CURRENT_VERSION = 1;
				DYLIB_INSTALL_NAME_BASE = "@rpath";
				ENABLE_MODULE_VERIFIER = YES;
				GENERATE_INFOPLIST_FILE = YES;
				INFOPLIST_KEY_NSHumanReadableCopyright = "";
				INSTALL_PATH = "$(LOCAL_LIBRARY_DIR)/Frameworks";
				IPHONEOS_DEPLOYMENT_TARGET = 14.0;
				LD_RUNPATH_SEARCH_PATHS = (
					"$(inherited)",
					"@executable_path/Frameworks",
					"@loader_path/Frameworks",
				);
				MARKETING_VERSION = 1.0;
				MODULE_VERIFIER_SUPPORTED_LANGUAGES = "objective-c objective-c++";
				MODULE_VERIFIER_SUPPORTED_LANGUAGE_STANDARDS = "gnu11 gnu++20";
				PRODUCT_BUNDLE_IDENTIFIER = com.dakiet.DKCameraButtonView;
				PRODUCT_NAME = "$(TARGET_NAME:c99extidentifier)";
				SKIP_INSTALL = YES;
				SWIFT_EMIT_LOC_STRINGS = YES;
				SWIFT_VERSION = 5.0;
				TARGETED_DEVICE_FAMILY = "1,2";
			};
			name = Release;
		};
		CE81E5C12A739B5200E9B271 /* Debug */ = {
			isa = XCBuildConfiguration;
			buildSettings = {
				CODE_SIGN_STYLE = Automatic;
				CURRENT_PROJECT_VERSION = 1;
				DEVELOPMENT_TEAM = NTP6J6Q8BJ;
				GENERATE_INFOPLIST_FILE = YES;
				IPHONEOS_DEPLOYMENT_TARGET = 14.0;
				MARKETING_VERSION = 1.0;
				PRODUCT_BUNDLE_IDENTIFIER = com.dakiet.DKCameraButtonViewTests;
				PRODUCT_NAME = "$(TARGET_NAME)";
				SUPPORTED_PLATFORMS = "iphoneos iphonesimulator";
				SUPPORTS_MACCATALYST = NO;
				SUPPORTS_MAC_DESIGNED_FOR_IPHONE_IPAD = YES;
				SWIFT_EMIT_LOC_STRINGS = NO;
				SWIFT_VERSION = 5.0;
				TARGETED_DEVICE_FAMILY = "1,2";
			};
			name = Debug;
		};
		CE81E5C22A739B5200E9B271 /* Release */ = {
			isa = XCBuildConfiguration;
			buildSettings = {
				CODE_SIGN_STYLE = Automatic;
				CURRENT_PROJECT_VERSION = 1;
				DEVELOPMENT_TEAM = NTP6J6Q8BJ;
				GENERATE_INFOPLIST_FILE = YES;
				IPHONEOS_DEPLOYMENT_TARGET = 14.0;
				MARKETING_VERSION = 1.0;
				PRODUCT_BUNDLE_IDENTIFIER = com.dakiet.DKCameraButtonViewTests;
				PRODUCT_NAME = "$(TARGET_NAME)";
				SUPPORTED_PLATFORMS = "iphoneos iphonesimulator";
				SUPPORTS_MACCATALYST = NO;
				SUPPORTS_MAC_DESIGNED_FOR_IPHONE_IPAD = YES;
				SWIFT_EMIT_LOC_STRINGS = NO;
				SWIFT_VERSION = 5.0;
				TARGETED_DEVICE_FAMILY = "1,2";
			};
			name = Release;
		};
		CE81E5DB2A739F8E00E9B271 /* Debug */ = {
			isa = XCBuildConfiguration;
			buildSettings = {
				ASSETCATALOG_COMPILER_APPICON_NAME = AppIcon;
				ASSETCATALOG_COMPILER_GLOBAL_ACCENT_COLOR_NAME = AccentColor;
				CODE_SIGN_STYLE = Automatic;
				CURRENT_PROJECT_VERSION = 1;
				DEVELOPMENT_TEAM = NTP6J6Q8BJ;
				GENERATE_INFOPLIST_FILE = YES;
				INFOPLIST_FILE = DKCameraButtonViewExamples/Info.plist;
				INFOPLIST_KEY_UIApplicationSupportsIndirectInputEvents = YES;
				INFOPLIST_KEY_UILaunchStoryboardName = LaunchScreen;
				INFOPLIST_KEY_UIMainStoryboardFile = Main;
				INFOPLIST_KEY_UISupportedInterfaceOrientations_iPad = "UIInterfaceOrientationPortrait UIInterfaceOrientationPortraitUpsideDown UIInterfaceOrientationLandscapeLeft UIInterfaceOrientationLandscapeRight";
				INFOPLIST_KEY_UISupportedInterfaceOrientations_iPhone = "UIInterfaceOrientationPortrait UIInterfaceOrientationLandscapeLeft UIInterfaceOrientationLandscapeRight";
				IPHONEOS_DEPLOYMENT_TARGET = 14.0;
				LD_RUNPATH_SEARCH_PATHS = (
					"$(inherited)",
					"@executable_path/Frameworks",
				);
				MARKETING_VERSION = 1.0;
				PRODUCT_BUNDLE_IDENTIFIER = com.dakiet.DKCameraButtonViewExamples;
				PRODUCT_NAME = "$(TARGET_NAME)";
				SWIFT_EMIT_LOC_STRINGS = YES;
				SWIFT_VERSION = 5.0;
				TARGETED_DEVICE_FAMILY = "1,2";
			};
			name = Debug;
		};
		CE81E5DC2A739F8E00E9B271 /* Release */ = {
			isa = XCBuildConfiguration;
			buildSettings = {
				ASSETCATALOG_COMPILER_APPICON_NAME = AppIcon;
				ASSETCATALOG_COMPILER_GLOBAL_ACCENT_COLOR_NAME = AccentColor;
				CODE_SIGN_STYLE = Automatic;
				CURRENT_PROJECT_VERSION = 1;
				DEVELOPMENT_TEAM = NTP6J6Q8BJ;
				GENERATE_INFOPLIST_FILE = YES;
				INFOPLIST_FILE = DKCameraButtonViewExamples/Info.plist;
				INFOPLIST_KEY_UIApplicationSupportsIndirectInputEvents = YES;
				INFOPLIST_KEY_UILaunchStoryboardName = LaunchScreen;
				INFOPLIST_KEY_UIMainStoryboardFile = Main;
				INFOPLIST_KEY_UISupportedInterfaceOrientations_iPad = "UIInterfaceOrientationPortrait UIInterfaceOrientationPortraitUpsideDown UIInterfaceOrientationLandscapeLeft UIInterfaceOrientationLandscapeRight";
				INFOPLIST_KEY_UISupportedInterfaceOrientations_iPhone = "UIInterfaceOrientationPortrait UIInterfaceOrientationLandscapeLeft UIInterfaceOrientationLandscapeRight";
				IPHONEOS_DEPLOYMENT_TARGET = 14.0;
				LD_RUNPATH_SEARCH_PATHS = (
					"$(inherited)",
					"@executable_path/Frameworks",
				);
				MARKETING_VERSION = 1.0;
				PRODUCT_BUNDLE_IDENTIFIER = com.dakiet.DKCameraButtonViewExamples;
				PRODUCT_NAME = "$(TARGET_NAME)";
				SWIFT_EMIT_LOC_STRINGS = YES;
				SWIFT_VERSION = 5.0;
				TARGETED_DEVICE_FAMILY = "1,2";
			};
			name = Release;
		};
/* End XCBuildConfiguration section */

/* Begin XCConfigurationList section */
		CE81E5A32A739B5200E9B271 /* Build configuration list for PBXProject "DKCameraButtonView" */ = {
			isa = XCConfigurationList;
			buildConfigurations = (
				CE81E5BB2A739B5200E9B271 /* Debug */,
				CE81E5BC2A739B5200E9B271 /* Release */,
			);
			defaultConfigurationIsVisible = 0;
			defaultConfigurationName = Release;
		};
		CE81E5BD2A739B5200E9B271 /* Build configuration list for PBXNativeTarget "DKCameraButtonView" */ = {
			isa = XCConfigurationList;
			buildConfigurations = (
				CE81E5BE2A739B5200E9B271 /* Debug */,
				CE81E5BF2A739B5200E9B271 /* Release */,
			);
			defaultConfigurationIsVisible = 0;
			defaultConfigurationName = Release;
		};
		CE81E5C02A739B5200E9B271 /* Build configuration list for PBXNativeTarget "DKCameraButtonViewTests" */ = {
			isa = XCConfigurationList;
			buildConfigurations = (
				CE81E5C12A739B5200E9B271 /* Debug */,
				CE81E5C22A739B5200E9B271 /* Release */,
			);
			defaultConfigurationIsVisible = 0;
			defaultConfigurationName = Release;
		};
		CE81E5DA2A739F8E00E9B271 /* Build configuration list for PBXNativeTarget "DKCameraButtonViewExamples" */ = {
			isa = XCConfigurationList;
			buildConfigurations = (
				CE81E5DB2A739F8E00E9B271 /* Debug */,
				CE81E5DC2A739F8E00E9B271 /* Release */,
			);
			defaultConfigurationIsVisible = 0;
			defaultConfigurationName = Release;
		};
/* End XCConfigurationList section */
	};
	rootObject = CE81E5A02A739B5200E9B271 /* Project object */;
}
